
Microsoft Visual Studio Solution File, Format Version 12.00
# Visual Studio 15
VisualStudioVersion = 15.0.28307.1738
MinimumVisualStudioVersion = 10.0.40219.1
Project("{FAE04EC0-301F-11D3-BF4B-00C04F79EFBC}") = "CarSparePart", "CarSparePart\CarSparePart.csproj", "{A2B647DB-AC46-4DB5-8239-1A340EF267CD}"
EndProject
Global
	GlobalSection(SolutionConfigurationPlatforms) = preSolution
		Debug|Any CPU = Debug|Any CPU
		Release|Any CPU = Release|Any CPU
	EndGlobalSection
	GlobalSection(ProjectConfigurationPlatforms) = postSolution
		{A2B647DB-AC46-4DB5-8239-1A340EF267CD}.Debug|Any CPU.ActiveCfg = Debug|Any CPU
		{A2B647DB-AC46-4DB5-8239-1A340EF267CD}.Debug|Any CPU.Build.0 = Debug|Any CPU
		{A2B647DB-AC46-4DB5-8239-1A340EF267CD}.Release|Any CPU.ActiveCfg = Release|Any CPU
		{A2B647DB-AC46-4DB5-8239-1A340EF267CD}.Release|Any CPU.Build.0 = Release|Any CPU
	EndGlobalSection
	GlobalSection(SolutionProperties) = preSolution
		HideSolutionNode = FALSE
	EndGlobalSection
	GlobalSection(ExtensibilityGlobals) = postSolution
		SolutionGuid = {081126DF-1D9E-4925-9CC8-5D30446A0286}
	EndGlobalSection
EndGlobal
